
Microsoft Visual Studio Solution File, Format Version 12.00
# Visual Studio Version 17
VisualStudioVersion = 17.7.34031.279
MinimumVisualStudioVersion = 10.0.40219.1
Project("{FAE04EC0-301F-11D3-BF4B-00C04F79EFBC}") = "MangaCrawl", "MangaCrawl\MangaCrawl.csproj", "{E9175C49-7E70-4FEC-BFFA-B7EC82E8718A}"
EndProject
Global
	GlobalSection(SolutionConfigurationPlatforms) = preSolution
		Debug|Any CPU = Debug|Any CPU
		Release|Any CPU = Release|Any CPU
	EndGlobalSection
	GlobalSection(ProjectConfigurationPlatforms) = postSolution
		{E9175C49-7E70-4FEC-BFFA-B7EC82E8718A}.Debug|Any CPU.ActiveCfg = Debug|Any CPU
		{E9175C49-7E70-4FEC-BFFA-B7EC82E8718A}.Debug|Any CPU.Build.0 = Debug|Any CPU
		{E9175C49-7E70-4FEC-BFFA-B7EC82E8718A}.Release|Any CPU.ActiveCfg = Release|Any CPU
		{E9175C49-7E70-4FEC-BFFA-B7EC82E8718A}.Release|Any CPU.Build.0 = Release|Any CPU
	EndGlobalSection
	GlobalSection(SolutionProperties) = preSolution
		HideSolutionNode = FALSE
	EndGlobalSection
	GlobalSection(ExtensibilityGlobals) = postSolution
		SolutionGuid = {AE2FC235-7BA8-4E33-8C2D-0875388826C0}
	EndGlobalSection
EndGlobal
